PODS:
  - GLRouter (0.1.0)
  - WDYExtensions (0.0.1)

DEPENDENCIES:
  - GLRouter (from `../`)
  - WDYExtensions

SPEC REPOS:
  https://github.com/CocoaPods/Specs.git:
    - WDYExtensions

EXTERNAL SOURCES:
  GLRouter:
    :path: "../"

SPEC CHECKSUMS:
  GLRouter: 78c76b83500a200c6f5efa753f6f536d648115a0
  WDYExtensions: fa7ea4669d532413c2a866be0d336ded3dbf2aff

PODFILE CHECKSUM: 8693d2dc9693615d4fe1e9a8667e2d7525ef34c8

COCOAPODS: 1.9.3
