PODS:
  - GLExtensions (0.2.1)
  - GLRouter (2.0.0)
  - SDWebImage (5.9.3):
    - SDWebImage/Core (= 5.9.3)
  - SDWebImage/Core (5.9.3)

DEPENDENCIES:
  - GLExtensions
  - GLRouter (from `../`)
  - SDWebImage

SPEC REPOS:
  trunk:
    - GLExtensions
    - SDWebImage

EXTERNAL SOURCES:
  GLRouter:
    :path: "../"

SPEC CHECKSUMS:
  GLExtensions: 8bc5e276fccf96841957e7c67b16e67d29f88903
  GLRouter: 7caed6e61d07c0e04862fd1f5611188754ac1e3d
  SDWebImage: a31ee8e90a97303529e03fb0c333eae0eacb88e9

PODFILE CHECKSUM: dc6f9c5839583ef9b3ab4bef5c98606466a527dd

COCOAPODS: 1.9.3
