PODS:
  - GLRouter (1.0.0)
  - SDWebImage (5.8.0):
    - SDWebImage/Core (= 5.8.0)
  - SDWebImage/Core (5.8.0)
  - WDYExtensions (1.2.0):
    - WDYExtensions/NSData (= 1.2.0)
    - WDYExtensions/NSDate (= 1.2.0)
    - WDYExtensions/NSFileManager (= 1.2.0)
    - WDYExtensions/NSObject (= 1.2.0)
    - WDYExtensions/NSString (= 1.2.0)
    - WDYExtensions/NSTimer (= 1.2.0)
    - WDYExtensions/NSURL (= 1.2.0)
    - WDYExtensions/UIAlertController (= 1.2.0)
    - WDYExtensions/UIApplication (= 1.2.0)
    - WDYExtensions/UIButton (= 1.2.0)
    - WDYExtensions/UIColor (= 1.2.0)
    - WDYExtensions/UIDevice (= 1.2.0)
    - WDYExtensions/UIImage (= 1.2.0)
    - WDYExtensions/UINavigationController (= 1.2.0)
    - WDYExtensions/UIResponder (= 1.2.0)
    - WDYExtensions/UIView (= 1.2.0)
    - WDYExtensions/UIViewController (= 1.2.0)
  - WDYExtensions/NSData (1.2.0)
  - WDYExtensions/NSDate (1.2.0)
  - WDYExtensions/NSFileManager (1.2.0)
  - WDYExtensions/NSObject (1.2.0)
  - WDYExtensions/NSString (1.2.0)
  - WDYExtensions/NSTimer (1.2.0)
  - WDYExtensions/NSURL (1.2.0)
  - WDYExtensions/UIAlertController (1.2.0)
  - WDYExtensions/UIApplication (1.2.0):
    - WDYExtensions/UIAlertController
  - WDYExtensions/UIButton (1.2.0)
  - WDYExtensions/UIColor (1.2.0)
  - WDYExtensions/UIDevice (1.2.0)
  - WDYExtensions/UIImage (1.2.0)
  - WDYExtensions/UINavigationController (1.2.0):
    - WDYExtensions/UIButton
    - WDYExtensions/UIImage
    - WDYExtensions/UIView
  - WDYExtensions/UIResponder (1.2.0)
  - WDYExtensions/UIView (1.2.0)
  - WDYExtensions/UIViewController (1.2.0):
    - WDYExtensions/UIAlertController
    - WDYExtensions/UIView

DEPENDENCIES:
  - GLRouter (from `../`)
  - SDWebImage
  - WDYExtensions

SPEC REPOS:
  trunk:
    - SDWebImage
    - WDYExtensions

EXTERNAL SOURCES:
  GLRouter:
    :path: "../"

SPEC CHECKSUMS:
  GLRouter: ecaf3b9e97bcee23e711d5b2ef1834cdd7e2cf58
  SDWebImage: 84000f962cbfa70c07f19d2234cbfcf5d779b5dc
  WDYExtensions: b911d66d9b1a7e809f5181eba58c75e57429594a

PODFILE CHECKSUM: 6328ec18dd5954c6653ec36f661a1c402f7df6f2

COCOAPODS: 1.9.3
